
Microsoft Visual Studio Solution File, Format Version 12.00
# Visual Studio Version 17
VisualStudioVersion = 17.12.35707.178
MinimumVisualStudioVersion = 10.0.40219.1
Project("{FAE04EC0-301F-11D3-BF4B-00C04F79EFBC}") = "Appiconnect.Shared", "Appiconnect.Shared\Appiconnect.Shared.csproj", "{432F1A7A-5A6D-461D-A872-132CA538D326}"
EndProject
Project("{FAE04EC0-301F-11D3-BF4B-00C04F79EFBC}") = "Appiconnect.Web", "Appiconnect.Web\Appiconnect.Web.csproj", "{AF6682F1-5C31-47D7-9986-E5618D53644E}"
EndProject
Project("{FAE04EC0-301F-11D3-BF4B-00C04F79EFBC}") = "Appiconnect.Mobile", "Appiconnect.Mobile\Appiconnect.Mobile.csproj", "{2A6F17C4-17FA-455D-B8E9-99719424BBC6}"
EndProject
Global
	GlobalSection(SolutionConfigurationPlatforms) = preSolution
		Debug|Any CPU = Debug|Any CPU
		Release|Any CPU = Release|Any CPU
	EndGlobalSection
	GlobalSection(ProjectConfigurationPlatforms) = postSolution
		{432F1A7A-5A6D-461D-A872-132CA538D326}.Debug|Any CPU.ActiveCfg = Debug|Any CPU
		{432F1A7A-5A6D-461D-A872-132CA538D326}.Debug|Any CPU.Build.0 = Debug|Any CPU
		{432F1A7A-5A6D-461D-A872-132CA538D326}.Release|Any CPU.ActiveCfg = Release|Any CPU
		{432F1A7A-5A6D-461D-A872-132CA538D326}.Release|Any CPU.Build.0 = Release|Any CPU
		{AF6682F1-5C31-47D7-9986-E5618D53644E}.Debug|Any CPU.ActiveCfg = Debug|Any CPU
		{AF6682F1-5C31-47D7-9986-E5618D53644E}.Debug|Any CPU.Build.0 = Debug|Any CPU
		{AF6682F1-5C31-47D7-9986-E5618D53644E}.Release|Any CPU.ActiveCfg = Release|Any CPU
		{AF6682F1-5C31-47D7-9986-E5618D53644E}.Release|Any CPU.Build.0 = Release|Any CPU
		{2A6F17C4-17FA-455D-B8E9-99719424BBC6}.Debug|Any CPU.ActiveCfg = Debug|Any CPU
		{2A6F17C4-17FA-455D-B8E9-99719424BBC6}.Debug|Any CPU.Build.0 = Debug|Any CPU
		{2A6F17C4-17FA-455D-B8E9-99719424BBC6}.Debug|Any CPU.Deploy.0 = Debug|Any CPU
		{2A6F17C4-17FA-455D-B8E9-99719424BBC6}.Release|Any CPU.ActiveCfg = Release|Any CPU
		{2A6F17C4-17FA-455D-B8E9-99719424BBC6}.Release|Any CPU.Build.0 = Release|Any CPU
		{2A6F17C4-17FA-455D-B8E9-99719424BBC6}.Release|Any CPU.Deploy.0 = Release|Any CPU
	EndGlobalSection
	GlobalSection(SolutionProperties) = preSolution
		HideSolutionNode = FALSE
	EndGlobalSection
EndGlobal
